
Microsoft Visual Studio Solution File, Format Version 12.00
# Visual Studio Version 17
VisualStudioVersion = 17.6.33723.286
MinimumVisualStudioVersion = 10.0.40219.1
Project("{FAE04EC0-301F-11D3-BF4B-00C04F79EFBC}") = "InvoiceApp1", "InvoiceApp1\InvoiceApp1.csproj", "{F491CA48-B93A-443E-B757-5655D2239D9A}"
EndProject
Global
	GlobalSection(SolutionConfigurationPlatforms) = preSolution
		Debug|Any CPU = Debug|Any CPU
		Release|Any CPU = Release|Any CPU
	EndGlobalSection
	GlobalSection(ProjectConfigurationPlatforms) = postSolution
		{F491CA48-B93A-443E-B757-5655D2239D9A}.Debug|Any CPU.ActiveCfg = Debug|Any CPU
		{F491CA48-B93A-443E-B757-5655D2239D9A}.Debug|Any CPU.Build.0 = Debug|Any CPU
		{F491CA48-B93A-443E-B757-5655D2239D9A}.Release|Any CPU.ActiveCfg = Release|Any CPU
		{F491CA48-B93A-443E-B757-5655D2239D9A}.Release|Any CPU.Build.0 = Release|Any CPU
	EndGlobalSection
	GlobalSection(SolutionProperties) = preSolution
		HideSolutionNode = FALSE
	EndGlobalSection
	GlobalSection(ExtensibilityGlobals) = postSolution
		SolutionGuid = {884A9E84-25AA-4DA2-9F18-550D0A9302BB}
	EndGlobalSection
EndGlobal
